
Microsoft Visual Studio Solution File, Format Version 12.00
# Visual Studio Version 16
VisualStudioVersion = 16.0.30503.244
MinimumVisualStudioVersion = 10.0.40219.1
Project("{8BC9CEB8-8B4A-11D0-8D11-00A0C91BC942}") = "gaussian_elimination_inverse", "gaussian_elimination_inverse\gaussian_elimination_inverse.vcxproj", "{E9EE0023-C2BB-45CB-B9A3-1A592D550DBE}"
EndProject
Global
	GlobalSection(SolutionConfigurationPlatforms) = preSolution
		Debug|x64 = Debug|x64
		Debug|x86 = Debug|x86
		Release|x64 = Release|x64
		Release|x86 = Release|x86
	EndGlobalSection
	GlobalSection(ProjectConfigurationPlatforms) = postSolution
		{E9EE0023-C2BB-45CB-B9A3-1A592D550DBE}.Debug|x64.ActiveCfg = Debug|x64
		{E9EE0023-C2BB-45CB-B9A3-1A592D550DBE}.Debug|x64.Build.0 = Debug|x64
		{E9EE0023-C2BB-45CB-B9A3-1A592D550DBE}.Debug|x86.ActiveCfg = Debug|Win32
		{E9EE0023-C2BB-45CB-B9A3-1A592D550DBE}.Debug|x86.Build.0 = Debug|Win32
		{E9EE0023-C2BB-45CB-B9A3-1A592D550DBE}.Release|x64.ActiveCfg = Release|x64
		{E9EE0023-C2BB-45CB-B9A3-1A592D550DBE}.Release|x64.Build.0 = Release|x64
		{E9EE0023-C2BB-45CB-B9A3-1A592D550DBE}.Release|x86.ActiveCfg = Release|Win32
		{E9EE0023-C2BB-45CB-B9A3-1A592D550DBE}.Release|x86.Build.0 = Release|Win32
	EndGlobalSection
	GlobalSection(SolutionProperties) = preSolution
		HideSolutionNode = FALSE
	EndGlobalSection
	GlobalSection(ExtensibilityGlobals) = postSolution
		SolutionGuid = {1554BFA5-751E-42DB-B689-B093EDB009E9}
	EndGlobalSection
EndGlobal
