
Microsoft Visual Studio Solution File, Format Version 12.00
# Visual Studio Version 16
VisualStudioVersion = 16.0.30503.244
MinimumVisualStudioVersion = 10.0.40219.1
Project("{8BC9CEB8-8B4A-11D0-8D11-00A0C91BC942}") = "gaussian_elimination", "gaussian_elimination\gaussian_elimination.vcxproj", "{DF68B249-08F0-46CC-AD1F-EC78F7AECA08}"
EndProject
Global
	GlobalSection(SolutionConfigurationPlatforms) = preSolution
		Debug|x64 = Debug|x64
		Debug|x86 = Debug|x86
		Release|x64 = Release|x64
		Release|x86 = Release|x86
	EndGlobalSection
	GlobalSection(ProjectConfigurationPlatforms) = postSolution
		{DF68B249-08F0-46CC-AD1F-EC78F7AECA08}.Debug|x64.ActiveCfg = Debug|x64
		{DF68B249-08F0-46CC-AD1F-EC78F7AECA08}.Debug|x64.Build.0 = Debug|x64
		{DF68B249-08F0-46CC-AD1F-EC78F7AECA08}.Debug|x86.ActiveCfg = Debug|Win32
		{DF68B249-08F0-46CC-AD1F-EC78F7AECA08}.Debug|x86.Build.0 = Debug|Win32
		{DF68B249-08F0-46CC-AD1F-EC78F7AECA08}.Release|x64.ActiveCfg = Release|x64
		{DF68B249-08F0-46CC-AD1F-EC78F7AECA08}.Release|x64.Build.0 = Release|x64
		{DF68B249-08F0-46CC-AD1F-EC78F7AECA08}.Release|x86.ActiveCfg = Release|Win32
		{DF68B249-08F0-46CC-AD1F-EC78F7AECA08}.Release|x86.Build.0 = Release|Win32
	EndGlobalSection
	GlobalSection(SolutionProperties) = preSolution
		HideSolutionNode = FALSE
	EndGlobalSection
	GlobalSection(ExtensibilityGlobals) = postSolution
		SolutionGuid = {D4CBEA82-1F14-469F-8C09-B00439A64AE5}
	EndGlobalSection
EndGlobal
